
Microsoft Visual Studio Solution File, Format Version 12.00
# Visual Studio Version 16
VisualStudioVersion = 16.0.32126.315
MinimumVisualStudioVersion = 10.0.40219.1
Project("{9A19103F-16F7-4668-BE54-9A1E7A4F7556}") = "WinManipulator.UI", "WinManipulator.UI\WinManipulator.UI.csproj", "{0B55E0C9-BB6C-4A91-AFFE-6F67270A2B05}"
EndProject
Project("{9A19103F-16F7-4668-BE54-9A1E7A4F7556}") = "WinManipulator.Library", "WinManipulator.Library\WinManipulator.Library.csproj", "{42A8F13A-BC97-44E8-BE01-CC6E4106D596}"
EndProject
Project("{9A19103F-16F7-4668-BE54-9A1E7A4F7556}") = "WinManipulator.FocusBar", "WinManipulator.FocusBar\WinManipulator.FocusBar.csproj", "{9D53FB1A-7CE5-41A6-99A3-3C1226A8CAAA}"
EndProject
Project("{FAE04EC0-301F-11D3-BF4B-00C04F79EFBC}") = "WinManipulator.Universal", "WinManipulator.Universal\WinManipulator.Universal.csproj", "{7589E563-AAFA-40FD-AAAD-7C6F1872821E}"
EndProject
Project("{FAE04EC0-301F-11D3-BF4B-00C04F79EFBC}") = "CaptureEncoder", "..\SimpleRecorder\CaptureEncoder\CaptureEncoder.csproj", "{7FFCAEB5-D8BA-49F4-B89F-7033E7A01447}"
EndProject
Global
	GlobalSection(SolutionConfigurationPlatforms) = preSolution
		Debug|Any CPU = Debug|Any CPU
		Debug|ARM = Debug|ARM
		Debug|ARM64 = Debug|ARM64
		Debug|x64 = Debug|x64
		Debug|x86 = Debug|x86
		Release|Any CPU = Release|Any CPU
		Release|ARM = Release|ARM
		Release|ARM64 = Release|ARM64
		Release|x64 = Release|x64
		Release|x86 = Release|x86
	EndGlobalSection
	GlobalSection(ProjectConfigurationPlatforms) = postSolution
		{0B55E0C9-BB6C-4A91-AFFE-6F67270A2B05}.Debug|Any CPU.ActiveCfg = Debug|Any CPU
		{0B55E0C9-BB6C-4A91-AFFE-6F67270A2B05}.Debug|Any CPU.Build.0 = Debug|Any CPU
		{0B55E0C9-BB6C-4A91-AFFE-6F67270A2B05}.Debug|ARM.ActiveCfg = Debug|Any CPU
		{0B55E0C9-BB6C-4A91-AFFE-6F67270A2B05}.Debug|ARM.Build.0 = Debug|Any CPU
		{0B55E0C9-BB6C-4A91-AFFE-6F67270A2B05}.Debug|ARM64.ActiveCfg = Debug|Any CPU
		{0B55E0C9-BB6C-4A91-AFFE-6F67270A2B05}.Debug|ARM64.Build.0 = Debug|Any CPU
		{0B55E0C9-BB6C-4A91-AFFE-6F67270A2B05}.Debug|x64.ActiveCfg = Debug|Any CPU
		{0B55E0C9-BB6C-4A91-AFFE-6F67270A2B05}.Debug|x64.Build.0 = Debug|Any CPU
		{0B55E0C9-BB6C-4A91-AFFE-6F67270A2B05}.Debug|x86.ActiveCfg = Debug|Any CPU
		{0B55E0C9-BB6C-4A91-AFFE-6F67270A2B05}.Debug|x86.Build.0 = Debug|Any CPU
		{0B55E0C9-BB6C-4A91-AFFE-6F67270A2B05}.Release|Any CPU.ActiveCfg = Release|Any CPU
		{0B55E0C9-BB6C-4A91-AFFE-6F67270A2B05}.Release|Any CPU.Build.0 = Release|Any CPU
		{0B55E0C9-BB6C-4A91-AFFE-6F67270A2B05}.Release|ARM.ActiveCfg = Release|Any CPU
		{0B55E0C9-BB6C-4A91-AFFE-6F67270A2B05}.Release|ARM.Build.0 = Release|Any CPU
		{0B55E0C9-BB6C-4A91-AFFE-6F67270A2B05}.Release|ARM64.ActiveCfg = Release|Any CPU
		{0B55E0C9-BB6C-4A91-AFFE-6F67270A2B05}.Release|ARM64.Build.0 = Release|Any CPU
		{0B55E0C9-BB6C-4A91-AFFE-6F67270A2B05}.Release|x64.ActiveCfg = Release|Any CPU
		{0B55E0C9-BB6C-4A91-AFFE-6F67270A2B05}.Release|x64.Build.0 = Release|Any CPU
		{0B55E0C9-BB6C-4A91-AFFE-6F67270A2B05}.Release|x86.ActiveCfg = Release|Any CPU
		{0B55E0C9-BB6C-4A91-AFFE-6F67270A2B05}.Release|x86.Build.0 = Release|Any CPU
		{42A8F13A-BC97-44E8-BE01-CC6E4106D596}.Debug|Any CPU.ActiveCfg = Debug|Any CPU
		{42A8F13A-BC97-44E8-BE01-CC6E4106D596}.Debug|Any CPU.Build.0 = Debug|Any CPU
		{42A8F13A-BC97-44E8-BE01-CC6E4106D596}.Debug|ARM.ActiveCfg = Debug|Any CPU
		{42A8F13A-BC97-44E8-BE01-CC6E4106D596}.Debug|ARM.Build.0 = Debug|Any CPU
		{42A8F13A-BC97-44E8-BE01-CC6E4106D596}.Debug|ARM64.ActiveCfg = Debug|Any CPU
		{42A8F13A-BC97-44E8-BE01-CC6E4106D596}.Debug|ARM64.Build.0 = Debug|Any CPU
		{42A8F13A-BC97-44E8-BE01-CC6E4106D596}.Debug|x64.ActiveCfg = Debug|Any CPU
		{42A8F13A-BC97-44E8-BE01-CC6E4106D596}.Debug|x64.Build.0 = Debug|Any CPU
		{42A8F13A-BC97-44E8-BE01-CC6E4106D596}.Debug|x86.ActiveCfg = Debug|Any CPU
		{42A8F13A-BC97-44E8-BE01-CC6E4106D596}.Debug|x86.Build.0 = Debug|Any CPU
		{42A8F13A-BC97-44E8-BE01-CC6E4106D596}.Release|Any CPU.ActiveCfg = Release|Any CPU
		{42A8F13A-BC97-44E8-BE01-CC6E4106D596}.Release|Any CPU.Build.0 = Release|Any CPU
		{42A8F13A-BC97-44E8-BE01-CC6E4106D596}.Release|ARM.ActiveCfg = Release|Any CPU
		{42A8F13A-BC97-44E8-BE01-CC6E4106D596}.Release|ARM.Build.0 = Release|Any CPU
		{42A8F13A-BC97-44E8-BE01-CC6E4106D596}.Release|ARM64.ActiveCfg = Release|Any CPU
		{42A8F13A-BC97-44E8-BE01-CC6E4106D596}.Release|ARM64.Build.0 = Release|Any CPU
		{42A8F13A-BC97-44E8-BE01-CC6E4106D596}.Release|x64.ActiveCfg = Release|Any CPU
		{42A8F13A-BC97-44E8-BE01-CC6E4106D596}.Release|x64.Build.0 = Release|Any CPU
		{42A8F13A-BC97-44E8-BE01-CC6E4106D596}.Release|x86.ActiveCfg = Release|Any CPU
		{42A8F13A-BC97-44E8-BE01-CC6E4106D596}.Release|x86.Build.0 = Release|Any CPU
		{9D53FB1A-7CE5-41A6-99A3-3C1226A8CAAA}.Debug|Any CPU.ActiveCfg = Debug|Any CPU
		{9D53FB1A-7CE5-41A6-99A3-3C1226A8CAAA}.Debug|Any CPU.Build.0 = Debug|Any CPU
		{9D53FB1A-7CE5-41A6-99A3-3C1226A8CAAA}.Debug|ARM.ActiveCfg = Debug|Any CPU
		{9D53FB1A-7CE5-41A6-99A3-3C1226A8CAAA}.Debug|ARM.Build.0 = Debug|Any CPU
		{9D53FB1A-7CE5-41A6-99A3-3C1226A8CAAA}.Debug|ARM64.ActiveCfg = Debug|Any CPU
		{9D53FB1A-7CE5-41A6-99A3-3C1226A8CAAA}.Debug|ARM64.Build.0 = Debug|Any CPU
		{9D53FB1A-7CE5-41A6-99A3-3C1226A8CAAA}.Debug|x64.ActiveCfg = Debug|Any CPU
		{9D53FB1A-7CE5-41A6-99A3-3C1226A8CAAA}.Debug|x64.Build.0 = Debug|Any CPU
		{9D53FB1A-7CE5-41A6-99A3-3C1226A8CAAA}.Debug|x86.ActiveCfg = Debug|Any CPU
		{9D53FB1A-7CE5-41A6-99A3-3C1226A8CAAA}.Debug|x86.Build.0 = Debug|Any CPU
		{9D53FB1A-7CE5-41A6-99A3-3C1226A8CAAA}.Release|Any CPU.ActiveCfg = Release|Any CPU
		{9D53FB1A-7CE5-41A6-99A3-3C1226A8CAAA}.Release|Any CPU.Build.0 = Release|Any CPU
		{9D53FB1A-7CE5-41A6-99A3-3C1226A8CAAA}.Release|ARM.ActiveCfg = Release|Any CPU
		{9D53FB1A-7CE5-41A6-99A3-3C1226A8CAAA}.Release|ARM.Build.0 = Release|Any CPU
		{9D53FB1A-7CE5-41A6-99A3-3C1226A8CAAA}.Release|ARM64.ActiveCfg = Release|Any CPU
		{9D53FB1A-7CE5-41A6-99A3-3C1226A8CAAA}.Release|ARM64.Build.0 = Release|Any CPU
		{9D53FB1A-7CE5-41A6-99A3-3C1226A8CAAA}.Release|x64.ActiveCfg = Release|Any CPU
		{9D53FB1A-7CE5-41A6-99A3-3C1226A8CAAA}.Release|x64.Build.0 = Release|Any CPU
		{9D53FB1A-7CE5-41A6-99A3-3C1226A8CAAA}.Release|x86.ActiveCfg = Release|Any CPU
		{9D53FB1A-7CE5-41A6-99A3-3C1226A8CAAA}.Release|x86.Build.0 = Release|Any CPU
		{7589E563-AAFA-40FD-AAAD-7C6F1872821E}.Debug|Any CPU.ActiveCfg = Debug|x86
		{7589E563-AAFA-40FD-AAAD-7C6F1872821E}.Debug|ARM.ActiveCfg = Debug|ARM
		{7589E563-AAFA-40FD-AAAD-7C6F1872821E}.Debug|ARM.Build.0 = Debug|ARM
		{7589E563-AAFA-40FD-AAAD-7C6F1872821E}.Debug|ARM.Deploy.0 = Debug|ARM
		{7589E563-AAFA-40FD-AAAD-7C6F1872821E}.Debug|ARM64.ActiveCfg = Debug|ARM64
		{7589E563-AAFA-40FD-AAAD-7C6F1872821E}.Debug|ARM64.Build.0 = Debug|ARM64
		{7589E563-AAFA-40FD-AAAD-7C6F1872821E}.Debug|ARM64.Deploy.0 = Debug|ARM64
		{7589E563-AAFA-40FD-AAAD-7C6F1872821E}.Debug|x64.ActiveCfg = Debug|x64
		{7589E563-AAFA-40FD-AAAD-7C6F1872821E}.Debug|x64.Build.0 = Debug|x64
		{7589E563-AAFA-40FD-AAAD-7C6F1872821E}.Debug|x64.Deploy.0 = Debug|x64
		{7589E563-AAFA-40FD-AAAD-7C6F1872821E}.Debug|x86.ActiveCfg = Debug|x86
		{7589E563-AAFA-40FD-AAAD-7C6F1872821E}.Debug|x86.Build.0 = Debug|x86
		{7589E563-AAFA-40FD-AAAD-7C6F1872821E}.Debug|x86.Deploy.0 = Debug|x86
		{7589E563-AAFA-40FD-AAAD-7C6F1872821E}.Release|Any CPU.ActiveCfg = Release|x86
		{7589E563-AAFA-40FD-AAAD-7C6F1872821E}.Release|ARM.ActiveCfg = Release|ARM
		{7589E563-AAFA-40FD-AAAD-7C6F1872821E}.Release|ARM.Build.0 = Release|ARM
		{7589E563-AAFA-40FD-AAAD-7C6F1872821E}.Release|ARM.Deploy.0 = Release|ARM
		{7589E563-AAFA-40FD-AAAD-7C6F1872821E}.Release|ARM64.ActiveCfg = Release|ARM64
		{7589E563-AAFA-40FD-AAAD-7C6F1872821E}.Release|ARM64.Build.0 = Release|ARM64
		{7589E563-AAFA-40FD-AAAD-7C6F1872821E}.Release|ARM64.Deploy.0 = Release|ARM64
		{7589E563-AAFA-40FD-AAAD-7C6F1872821E}.Release|x64.ActiveCfg = Release|x64
		{7589E563-AAFA-40FD-AAAD-7C6F1872821E}.Release|x64.Build.0 = Release|x64
		{7589E563-AAFA-40FD-AAAD-7C6F1872821E}.Release|x64.Deploy.0 = Release|x64
		{7589E563-AAFA-40FD-AAAD-7C6F1872821E}.Release|x86.ActiveCfg = Release|x86
		{7589E563-AAFA-40FD-AAAD-7C6F1872821E}.Release|x86.Build.0 = Release|x86
		{7589E563-AAFA-40FD-AAAD-7C6F1872821E}.Release|x86.Deploy.0 = Release|x86
		{7FFCAEB5-D8BA-49F4-B89F-7033E7A01447}.Debug|Any CPU.ActiveCfg = Debug|Any CPU
		{7FFCAEB5-D8BA-49F4-B89F-7033E7A01447}.Debug|Any CPU.Build.0 = Debug|Any CPU
		{7FFCAEB5-D8BA-49F4-B89F-7033E7A01447}.Debug|ARM.ActiveCfg = Debug|ARM
		{7FFCAEB5-D8BA-49F4-B89F-7033E7A01447}.Debug|ARM.Build.0 = Debug|ARM
		{7FFCAEB5-D8BA-49F4-B89F-7033E7A01447}.Debug|ARM64.ActiveCfg = Debug|ARM64
		{7FFCAEB5-D8BA-49F4-B89F-7033E7A01447}.Debug|ARM64.Build.0 = Debug|ARM64
		{7FFCAEB5-D8BA-49F4-B89F-7033E7A01447}.Debug|x64.ActiveCfg = Debug|x64
		{7FFCAEB5-D8BA-49F4-B89F-7033E7A01447}.Debug|x64.Build.0 = Debug|x64
		{7FFCAEB5-D8BA-49F4-B89F-7033E7A01447}.Debug|x86.ActiveCfg = Debug|x86
		{7FFCAEB5-D8BA-49F4-B89F-7033E7A01447}.Debug|x86.Build.0 = Debug|x86
		{7FFCAEB5-D8BA-49F4-B89F-7033E7A01447}.Release|Any CPU.ActiveCfg = Release|Any CPU
		{7FFCAEB5-D8BA-49F4-B89F-7033E7A01447}.Release|Any CPU.Build.0 = Release|Any CPU
		{7FFCAEB5-D8BA-49F4-B89F-7033E7A01447}.Release|ARM.ActiveCfg = Release|ARM
		{7FFCAEB5-D8BA-49F4-B89F-7033E7A01447}.Release|ARM.Build.0 = Release|ARM
		{7FFCAEB5-D8BA-49F4-B89F-7033E7A01447}.Release|ARM64.ActiveCfg = Release|ARM64
		{7FFCAEB5-D8BA-49F4-B89F-7033E7A01447}.Release|ARM64.Build.0 = Release|ARM64
		{7FFCAEB5-D8BA-49F4-B89F-7033E7A01447}.Release|x64.ActiveCfg = Release|x64
		{7FFCAEB5-D8BA-49F4-B89F-7033E7A01447}.Release|x64.Build.0 = Release|x64
		{7FFCAEB5-D8BA-49F4-B89F-7033E7A01447}.Release|x86.ActiveCfg = Release|x86
		{7FFCAEB5-D8BA-49F4-B89F-7033E7A01447}.Release|x86.Build.0 = Release|x86
	EndGlobalSection
	GlobalSection(SolutionProperties) = preSolution
		HideSolutionNode = FALSE
	EndGlobalSection
	GlobalSection(ExtensibilityGlobals) = postSolution
		SolutionGuid = {78DE6508-C729-46C2-9E7C-8B6B03155D6E}
	EndGlobalSection
EndGlobal
